
Microsoft Visual Studio Solution File, Format Version 12.00
# Visual Studio Version 17
VisualStudioVersion = 17.2.32630.192
MinimumVisualStudioVersion = 10.0.40219.1
Project("{9A19103F-16F7-4668-BE54-9A1E7A4F7556}") = "RecepiProject", "RecepiProject\RecepiProject.csproj", "{B562EFF2-A4C7-40C0-AAA4-DA1F95CAACB7}"
EndProject
Project("{9A19103F-16F7-4668-BE54-9A1E7A4F7556}") = "DAL", "DAL\DAL.csproj", "{FCF949C5-6F18-4C02-8BCB-D7CE1B7AA231}"
EndProject
Project("{9A19103F-16F7-4668-BE54-9A1E7A4F7556}") = "BLL", "BLL\BLL.csproj", "{C85287E0-0EC3-4402-BC5F-4D6A948DE3A7}"
EndProject
Project("{9A19103F-16F7-4668-BE54-9A1E7A4F7556}") = "DTO", "DTO\DTO.csproj", "{6FD6AC7F-008F-4D48-93CF-567A8CBF89F8}"
EndProject
Global
	GlobalSection(SolutionConfigurationPlatforms) = preSolution
		Debug|Any CPU = Debug|Any CPU
		Release|Any CPU = Release|Any CPU
	EndGlobalSection
	GlobalSection(ProjectConfigurationPlatforms) = postSolution
		{B562EFF2-A4C7-40C0-AAA4-DA1F95CAACB7}.Debug|Any CPU.ActiveCfg = Debug|Any CPU
		{B562EFF2-A4C7-40C0-AAA4-DA1F95CAACB7}.Debug|Any CPU.Build.0 = Debug|Any CPU
		{B562EFF2-A4C7-40C0-AAA4-DA1F95CAACB7}.Release|Any CPU.ActiveCfg = Release|Any CPU
		{B562EFF2-A4C7-40C0-AAA4-DA1F95CAACB7}.Release|Any CPU.Build.0 = Release|Any CPU
		{FCF949C5-6F18-4C02-8BCB-D7CE1B7AA231}.Debug|Any CPU.ActiveCfg = Debug|Any CPU
		{FCF949C5-6F18-4C02-8BCB-D7CE1B7AA231}.Debug|Any CPU.Build.0 = Debug|Any CPU
		{FCF949C5-6F18-4C02-8BCB-D7CE1B7AA231}.Release|Any CPU.ActiveCfg = Release|Any CPU
		{FCF949C5-6F18-4C02-8BCB-D7CE1B7AA231}.Release|Any CPU.Build.0 = Release|Any CPU
		{C85287E0-0EC3-4402-BC5F-4D6A948DE3A7}.Debug|Any CPU.ActiveCfg = Debug|Any CPU
		{C85287E0-0EC3-4402-BC5F-4D6A948DE3A7}.Debug|Any CPU.Build.0 = Debug|Any CPU
		{C85287E0-0EC3-4402-BC5F-4D6A948DE3A7}.Release|Any CPU.ActiveCfg = Release|Any CPU
		{C85287E0-0EC3-4402-BC5F-4D6A948DE3A7}.Release|Any CPU.Build.0 = Release|Any CPU
		{6FD6AC7F-008F-4D48-93CF-567A8CBF89F8}.Debug|Any CPU.ActiveCfg = Debug|Any CPU
		{6FD6AC7F-008F-4D48-93CF-567A8CBF89F8}.Debug|Any CPU.Build.0 = Debug|Any CPU
		{6FD6AC7F-008F-4D48-93CF-567A8CBF89F8}.Release|Any CPU.ActiveCfg = Release|Any CPU
		{6FD6AC7F-008F-4D48-93CF-567A8CBF89F8}.Release|Any CPU.Build.0 = Release|Any CPU
	EndGlobalSection
	GlobalSection(SolutionProperties) = preSolution
		HideSolutionNode = FALSE
	EndGlobalSection
	GlobalSection(ExtensibilityGlobals) = postSolution
		SolutionGuid = {C3921997-B000-4F6E-98A0-DA0D4E523689}
	EndGlobalSection
EndGlobal
